
Microsoft Visual Studio Solution File, Format Version 12.00
# Visual Studio Version 17
VisualStudioVersion = 17.7.34018.315
MinimumVisualStudioVersion = 10.0.40219.1
Project("{FAE04EC0-301F-11D3-BF4B-00C04F79EFBC}") = "labCountry", "labCountry\labCountry.csproj", "{29B85B86-55AA-4748-8E24-49CECE625446}"
EndProject
Global
	GlobalSection(SolutionConfigurationPlatforms) = preSolution
		Debug|Any CPU = Debug|Any CPU
		Release|Any CPU = Release|Any CPU
	EndGlobalSection
	GlobalSection(ProjectConfigurationPlatforms) = postSolution
		{29B85B86-55AA-4748-8E24-49CECE625446}.Debug|Any CPU.ActiveCfg = Debug|Any CPU
		{29B85B86-55AA-4748-8E24-49CECE625446}.Debug|Any CPU.Build.0 = Debug|Any CPU
		{29B85B86-55AA-4748-8E24-49CECE625446}.Release|Any CPU.ActiveCfg = Release|Any CPU
		{29B85B86-55AA-4748-8E24-49CECE625446}.Release|Any CPU.Build.0 = Release|Any CPU
	EndGlobalSection
	GlobalSection(SolutionProperties) = preSolution
		HideSolutionNode = FALSE
	EndGlobalSection
	GlobalSection(ExtensibilityGlobals) = postSolution
		SolutionGuid = {FF33FEA0-C173-415D-8A6F-34527A4AB3B8}
	EndGlobalSection
EndGlobal
